
Microsoft Visual Studio Solution File, Format Version 12.00
# Visual Studio Version 17
VisualStudioVersion = 17.10.34928.147
MinimumVisualStudioVersion = 10.0.40219.1
Project("{FAE04EC0-301F-11D3-BF4B-00C04F79EFBC}") = "ServerApp", "ServerApp\ServerApp.csproj", "{297FA483-8C38-4C5B-A393-715224E5304D}"
EndProject
Global
	GlobalSection(SolutionConfigurationPlatforms) = preSolution
		Debug|Any CPU = Debug|Any CPU
		Release|Any CPU = Release|Any CPU
	EndGlobalSection
	GlobalSection(ProjectConfigurationPlatforms) = postSolution
		{297FA483-8C38-4C5B-A393-715224E5304D}.Debug|Any CPU.ActiveCfg = Debug|Any CPU
		{297FA483-8C38-4C5B-A393-715224E5304D}.Debug|Any CPU.Build.0 = Debug|Any CPU
		{297FA483-8C38-4C5B-A393-715224E5304D}.Release|Any CPU.ActiveCfg = Release|Any CPU
		{297FA483-8C38-4C5B-A393-715224E5304D}.Release|Any CPU.Build.0 = Release|Any CPU
	EndGlobalSection
	GlobalSection(SolutionProperties) = preSolution
		HideSolutionNode = FALSE
	EndGlobalSection
	GlobalSection(ExtensibilityGlobals) = postSolution
		SolutionGuid = {2943A2F2-68F3-4F98-802F-1F8A9603A417}
	EndGlobalSection
EndGlobal
